
Microsoft Visual Studio Solution File, Format Version 11.00
# Visual Studio 2010
Project("{FAE04EC0-301F-11D3-BF4B-00C04F79EFBC}") = "Assembly-CSharp-firstpass", "Assembly-CSharp-firstpass.csproj", "{311f96c4-c3a4-8c19-276c-5d265ec922b3}"
EndProject
Project("{FAE04EC0-301F-11D3-BF4B-00C04F79EFBC}") = "Assembly-CSharp", "Assembly-CSharp.csproj", "{7d6c06ac-dc6f-3b29-69ba-ceba726e14cf}"
EndProject
Project("{FAE04EC0-301F-11D3-BF4B-00C04F79EFBC}") = "Assembly-CSharp-Editor-firstpass", "Assembly-CSharp-Editor-firstpass.csproj", "{2a49b16e-0c42-a125-c2f4-daa77429c776}"
EndProject
Global
	GlobalSection(SolutionConfigurationPlatforms) = preSolution
		Debug|Any CPU = Debug|Any CPU
	EndGlobalSection
	GlobalSection(ProjectConfigurationPlatforms) = postSolution
		{311f96c4-c3a4-8c19-276c-5d265ec922b3}.Debug|Any CPU.ActiveCfg = Debug|Any CPU
		{311f96c4-c3a4-8c19-276c-5d265ec922b3}.Debug|Any CPU.Build.0 = Debug|Any CPU
		{7d6c06ac-dc6f-3b29-69ba-ceba726e14cf}.Debug|Any CPU.ActiveCfg = Debug|Any CPU
		{7d6c06ac-dc6f-3b29-69ba-ceba726e14cf}.Debug|Any CPU.Build.0 = Debug|Any CPU
		{2a49b16e-0c42-a125-c2f4-daa77429c776}.Debug|Any CPU.ActiveCfg = Debug|Any CPU
		{2a49b16e-0c42-a125-c2f4-daa77429c776}.Debug|Any CPU.Build.0 = Debug|Any CPU
	EndGlobalSection
	GlobalSection(SolutionProperties) = preSolution
		HideSolutionNode = FALSE
	EndGlobalSection
EndGlobal
